
Microsoft Visual Studio Solution File, Format Version 12.00
# Visual Studio Version 16
VisualStudioVersion = 16.0.29709.97
MinimumVisualStudioVersion = 10.0.40219.1
Project("{FAE04EC0-301F-11D3-BF4B-00C04F79EFBC}") = "ClientSocket", "ClientSocket\ClientSocket.csproj", "{FB9F1165-13E6-46F5-93C9-F88ACDB81DBE}"
EndProject
Global
	GlobalSection(SolutionConfigurationPlatforms) = preSolution
		Debug|Any CPU = Debug|Any CPU
		Release|Any CPU = Release|Any CPU
	EndGlobalSection
	GlobalSection(ProjectConfigurationPlatforms) = postSolution
		{FB9F1165-13E6-46F5-93C9-F88ACDB81DBE}.Debug|Any CPU.ActiveCfg = Debug|Any CPU
		{FB9F1165-13E6-46F5-93C9-F88ACDB81DBE}.Debug|Any CPU.Build.0 = Debug|Any CPU
		{FB9F1165-13E6-46F5-93C9-F88ACDB81DBE}.Release|Any CPU.ActiveCfg = Release|Any CPU
		{FB9F1165-13E6-46F5-93C9-F88ACDB81DBE}.Release|Any CPU.Build.0 = Release|Any CPU
	EndGlobalSection
	GlobalSection(SolutionProperties) = preSolution
		HideSolutionNode = FALSE
	EndGlobalSection
	GlobalSection(ExtensibilityGlobals) = postSolution
		SolutionGuid = {1735FA99-BF36-448A-9BBC-4DC2FBB56F49}
	EndGlobalSection
EndGlobal
